
Microsoft Visual Studio Solution File, Format Version 12.00
Project("{FAE04EC0-301F-11D3-BF4B-00C04F79EFBC}") = "WpfApp14", "WpfApp14\WpfApp14.csproj", "{03288012-5283-4078-8B29-B6FC245A6E5F}"
EndProject
Global
	GlobalSection(SolutionConfigurationPlatforms) = preSolution
		Debug|Any CPU = Debug|Any CPU
		Release|Any CPU = Release|Any CPU
	EndGlobalSection
	GlobalSection(ProjectConfigurationPlatforms) = postSolution
		{03288012-5283-4078-8B29-B6FC245A6E5F}.Debug|Any CPU.ActiveCfg = Debug|Any CPU
		{03288012-5283-4078-8B29-B6FC245A6E5F}.Debug|Any CPU.Build.0 = Debug|Any CPU
		{03288012-5283-4078-8B29-B6FC245A6E5F}.Release|Any CPU.ActiveCfg = Release|Any CPU
		{03288012-5283-4078-8B29-B6FC245A6E5F}.Release|Any CPU.Build.0 = Release|Any CPU
	EndGlobalSection
EndGlobal
